
Microsoft Visual Studio Solution File, Format Version 12.00
# Visual Studio Version 17
VisualStudioVersion = 17.5.002.0
MinimumVisualStudioVersion = 10.0.40219.1
Project("{2150E333-8FDC-42A3-9474-1A3956D46DE8}") = "csharp-prep", "csharp-prep", "{A5702F60-73CB-4E04-82C3-BBE68409C7B7}"
EndProject
Project("{9A19103F-16F7-4668-BE54-9A1E7A4F7556}") = "Prep1", "csharp-prep\Prep1\Prep1.csproj", "{BA0E0B68-3354-4966-9A82-3EC37618BA3D}"
EndProject
Project("{9A19103F-16F7-4668-BE54-9A1E7A4F7556}") = "Prep2", "csharp-prep\Prep2\Prep2.csproj", "{4484C4D6-5063-4C7A-BC3B-627D586FF6D3}"
EndProject
Project("{9A19103F-16F7-4668-BE54-9A1E7A4F7556}") = "Prep3", "csharp-prep\Prep3\Prep3.csproj", "{212035AF-82E0-491F-AB85-BA3E58FA62B9}"
EndProject
Project("{9A19103F-16F7-4668-BE54-9A1E7A4F7556}") = "Prep4", "csharp-prep\Prep4\Prep4.csproj", "{5590D51B-638B-4B0E-ADB1-CA3ED9DA744F}"
EndProject
Project("{9A19103F-16F7-4668-BE54-9A1E7A4F7556}") = "Prep5", "csharp-prep\Prep5\Prep5.csproj", "{4C552D45-05EF-4664-A278-3EBBE8B04898}"
EndProject
Project("{2150E333-8FDC-42A3-9474-1A3956D46DE8}") = "final", "final", "{31BB1242-4F49-4052-8A85-69EF512B4E01}"
EndProject
Project("{9A19103F-16F7-4668-BE54-9A1E7A4F7556}") = "FinalProject", "final\FinalProject\FinalProject.csproj", "{22A99F28-9589-48F1-A7AF-6585273E7B5D}"
EndProject
Project("{9A19103F-16F7-4668-BE54-9A1E7A4F7556}") = "Foundation1", "final\Foundation1\Foundation1.csproj", "{77242DA0-20F2-4550-80D0-FD88BC66233F}"
EndProject
Project("{9A19103F-16F7-4668-BE54-9A1E7A4F7556}") = "Foundation2", "final\Foundation2\Foundation2.csproj", "{E2C086DA-75B3-46C8-82A3-05A899BDAF86}"
EndProject
Project("{9A19103F-16F7-4668-BE54-9A1E7A4F7556}") = "Foundation3", "final\Foundation3\Foundation3.csproj", "{9B6ECECE-8C24-4761-99BD-0F27387EAB64}"
EndProject
Project("{9A19103F-16F7-4668-BE54-9A1E7A4F7556}") = "Foundation4", "final\Foundation4\Foundation4.csproj", "{06387F37-AFAC-47EE-9824-01C40ECBF53C}"
EndProject
Project("{2150E333-8FDC-42A3-9474-1A3956D46DE8}") = "prepare", "prepare", "{48DC199F-2B1E-4CDB-950C-794DD80BE6DF}"
EndProject
Project("{9A19103F-16F7-4668-BE54-9A1E7A4F7556}") = "Learning02", "prepare\Learning02\Learning02.csproj", "{42C86127-3792-458D-A592-11D778DC0CBA}"
EndProject
Project("{9A19103F-16F7-4668-BE54-9A1E7A4F7556}") = "Learning03", "prepare\Learning03\Learning03.csproj", "{929EA12D-629B-4149-9118-9E946FB32BB0}"
EndProject
Project("{9A19103F-16F7-4668-BE54-9A1E7A4F7556}") = "Learning04", "prepare\Learning04\Learning04.csproj", "{15B07DB2-F680-40D7-AD67-DBBE751C981C}"
EndProject
Project("{9A19103F-16F7-4668-BE54-9A1E7A4F7556}") = "Learning05", "prepare\Learning05\Learning05.csproj", "{259BC62C-0495-4171-8D62-50EF83CAE998}"
EndProject
Project("{2150E333-8FDC-42A3-9474-1A3956D46DE8}") = "prove", "prove", "{B377D5CE-E150-4CCF-9571-4DD9753606F9}"
EndProject
Project("{9A19103F-16F7-4668-BE54-9A1E7A4F7556}") = "Develop02", "prove\Develop02\Develop02.csproj", "{27FD4FDC-27F1-45C9-8B0E-5D66219F4622}"
EndProject
Project("{9A19103F-16F7-4668-BE54-9A1E7A4F7556}") = "Develop03", "prove\Develop03\Develop03.csproj", "{BDF64D26-A08A-4CD6-9CED-88192E0BA115}"
EndProject
Project("{9A19103F-16F7-4668-BE54-9A1E7A4F7556}") = "Develop04", "prove\Develop04\Develop04.csproj", "{951813F2-8554-4C4A-97DA-D02E5863896E}"
EndProject
Project("{9A19103F-16F7-4668-BE54-9A1E7A4F7556}") = "Develop05", "prove\Develop05\Develop05.csproj", "{706E84C2-0749-4D9D-8029-6FB00496ADEC}"
EndProject
Project("{2150E333-8FDC-42A3-9474-1A3956D46DE8}") = "sandbox", "sandbox", "{6F258760-396B-4C8B-AD66-2B9683992972}"
EndProject
Project("{9A19103F-16F7-4668-BE54-9A1E7A4F7556}") = "Sandbox", "sandbox\Sandbox\Sandbox.csproj", "{DB0BBAE4-4586-400F-B698-2EE10B74ED80}"
EndProject
Global
	GlobalSection(SolutionConfigurationPlatforms) = preSolution
		Debug|Any CPU = Debug|Any CPU
		Release|Any CPU = Release|Any CPU
	EndGlobalSection
	GlobalSection(ProjectConfigurationPlatforms) = postSolution
		{BA0E0B68-3354-4966-9A82-3EC37618BA3D}.Debug|Any CPU.ActiveCfg = Debug|Any CPU
		{BA0E0B68-3354-4966-9A82-3EC37618BA3D}.Debug|Any CPU.Build.0 = Debug|Any CPU
		{BA0E0B68-3354-4966-9A82-3EC37618BA3D}.Release|Any CPU.ActiveCfg = Release|Any CPU
		{BA0E0B68-3354-4966-9A82-3EC37618BA3D}.Release|Any CPU.Build.0 = Release|Any CPU
		{4484C4D6-5063-4C7A-BC3B-627D586FF6D3}.Debug|Any CPU.ActiveCfg = Debug|Any CPU
		{4484C4D6-5063-4C7A-BC3B-627D586FF6D3}.Debug|Any CPU.Build.0 = Debug|Any CPU
		{4484C4D6-5063-4C7A-BC3B-627D586FF6D3}.Release|Any CPU.ActiveCfg = Release|Any CPU
		{4484C4D6-5063-4C7A-BC3B-627D586FF6D3}.Release|Any CPU.Build.0 = Release|Any CPU
		{212035AF-82E0-491F-AB85-BA3E58FA62B9}.Debug|Any CPU.ActiveCfg = Debug|Any CPU
		{212035AF-82E0-491F-AB85-BA3E58FA62B9}.Debug|Any CPU.Build.0 = Debug|Any CPU
		{212035AF-82E0-491F-AB85-BA3E58FA62B9}.Release|Any CPU.ActiveCfg = Release|Any CPU
		{212035AF-82E0-491F-AB85-BA3E58FA62B9}.Release|Any CPU.Build.0 = Release|Any CPU
		{5590D51B-638B-4B0E-ADB1-CA3ED9DA744F}.Debug|Any CPU.ActiveCfg = Debug|Any CPU
		{5590D51B-638B-4B0E-ADB1-CA3ED9DA744F}.Debug|Any CPU.Build.0 = Debug|Any CPU
		{5590D51B-638B-4B0E-ADB1-CA3ED9DA744F}.Release|Any CPU.ActiveCfg = Release|Any CPU
		{5590D51B-638B-4B0E-ADB1-CA3ED9DA744F}.Release|Any CPU.Build.0 = Release|Any CPU
		{4C552D45-05EF-4664-A278-3EBBE8B04898}.Debug|Any CPU.ActiveCfg = Debug|Any CPU
		{4C552D45-05EF-4664-A278-3EBBE8B04898}.Debug|Any CPU.Build.0 = Debug|Any CPU
		{4C552D45-05EF-4664-A278-3EBBE8B04898}.Release|Any CPU.ActiveCfg = Release|Any CPU
		{4C552D45-05EF-4664-A278-3EBBE8B04898}.Release|Any CPU.Build.0 = Release|Any CPU
		{22A99F28-9589-48F1-A7AF-6585273E7B5D}.Debug|Any CPU.ActiveCfg = Debug|Any CPU
		{22A99F28-9589-48F1-A7AF-6585273E7B5D}.Debug|Any CPU.Build.0 = Debug|Any CPU
		{22A99F28-9589-48F1-A7AF-6585273E7B5D}.Release|Any CPU.ActiveCfg = Release|Any CPU
		{22A99F28-9589-48F1-A7AF-6585273E7B5D}.Release|Any CPU.Build.0 = Release|Any CPU
		{77242DA0-20F2-4550-80D0-FD88BC66233F}.Debug|Any CPU.ActiveCfg = Debug|Any CPU
		{77242DA0-20F2-4550-80D0-FD88BC66233F}.Debug|Any CPU.Build.0 = Debug|Any CPU
		{77242DA0-20F2-4550-80D0-FD88BC66233F}.Release|Any CPU.ActiveCfg = Release|Any CPU
		{77242DA0-20F2-4550-80D0-FD88BC66233F}.Release|Any CPU.Build.0 = Release|Any CPU
		{E2C086DA-75B3-46C8-82A3-05A899BDAF86}.Debug|Any CPU.ActiveCfg = Debug|Any CPU
		{E2C086DA-75B3-46C8-82A3-05A899BDAF86}.Debug|Any CPU.Build.0 = Debug|Any CPU
		{E2C086DA-75B3-46C8-82A3-05A899BDAF86}.Release|Any CPU.ActiveCfg = Release|Any CPU
		{E2C086DA-75B3-46C8-82A3-05A899BDAF86}.Release|Any CPU.Build.0 = Release|Any CPU
		{9B6ECECE-8C24-4761-99BD-0F27387EAB64}.Debug|Any CPU.ActiveCfg = Debug|Any CPU
		{9B6ECECE-8C24-4761-99BD-0F27387EAB64}.Debug|Any CPU.Build.0 = Debug|Any CPU
		{9B6ECECE-8C24-4761-99BD-0F27387EAB64}.Release|Any CPU.ActiveCfg = Release|Any CPU
		{9B6ECECE-8C24-4761-99BD-0F27387EAB64}.Release|Any CPU.Build.0 = Release|Any CPU
		{06387F37-AFAC-47EE-9824-01C40ECBF53C}.Debug|Any CPU.ActiveCfg = Debug|Any CPU
		{06387F37-AFAC-47EE-9824-01C40ECBF53C}.Debug|Any CPU.Build.0 = Debug|Any CPU
		{06387F37-AFAC-47EE-9824-01C40ECBF53C}.Release|Any CPU.ActiveCfg = Release|Any CPU
		{06387F37-AFAC-47EE-9824-01C40ECBF53C}.Release|Any CPU.Build.0 = Release|Any CPU
		{42C86127-3792-458D-A592-11D778DC0CBA}.Debug|Any CPU.ActiveCfg = Debug|Any CPU
		{42C86127-3792-458D-A592-11D778DC0CBA}.Debug|Any CPU.Build.0 = Debug|Any CPU
		{42C86127-3792-458D-A592-11D778DC0CBA}.Release|Any CPU.ActiveCfg = Release|Any CPU
		{42C86127-3792-458D-A592-11D778DC0CBA}.Release|Any CPU.Build.0 = Release|Any CPU
		{929EA12D-629B-4149-9118-9E946FB32BB0}.Debug|Any CPU.ActiveCfg = Debug|Any CPU
		{929EA12D-629B-4149-9118-9E946FB32BB0}.Debug|Any CPU.Build.0 = Debug|Any CPU
		{929EA12D-629B-4149-9118-9E946FB32BB0}.Release|Any CPU.ActiveCfg = Release|Any CPU
		{929EA12D-629B-4149-9118-9E946FB32BB0}.Release|Any CPU.Build.0 = Release|Any CPU
		{15B07DB2-F680-40D7-AD67-DBBE751C981C}.Debug|Any CPU.ActiveCfg = Debug|Any CPU
		{15B07DB2-F680-40D7-AD67-DBBE751C981C}.Debug|Any CPU.Build.0 = Debug|Any CPU
		{15B07DB2-F680-40D7-AD67-DBBE751C981C}.Release|Any CPU.ActiveCfg = Release|Any CPU
		{15B07DB2-F680-40D7-AD67-DBBE751C981C}.Release|Any CPU.Build.0 = Release|Any CPU
		{259BC62C-0495-4171-8D62-50EF83CAE998}.Debug|Any CPU.ActiveCfg = Debug|Any CPU
		{259BC62C-0495-4171-8D62-50EF83CAE998}.Debug|Any CPU.Build.0 = Debug|Any CPU
		{259BC62C-0495-4171-8D62-50EF83CAE998}.Release|Any CPU.ActiveCfg = Release|Any CPU
		{259BC62C-0495-4171-8D62-50EF83CAE998}.Release|Any CPU.Build.0 = Release|Any CPU
		{27FD4FDC-27F1-45C9-8B0E-5D66219F4622}.Debug|Any CPU.ActiveCfg = Debug|Any CPU
		{27FD4FDC-27F1-45C9-8B0E-5D66219F4622}.Debug|Any CPU.Build.0 = Debug|Any CPU
		{27FD4FDC-27F1-45C9-8B0E-5D66219F4622}.Release|Any CPU.ActiveCfg = Release|Any CPU
		{27FD4FDC-27F1-45C9-8B0E-5D66219F4622}.Release|Any CPU.Build.0 = Release|Any CPU
		{BDF64D26-A08A-4CD6-9CED-88192E0BA115}.Debug|Any CPU.ActiveCfg = Debug|Any CPU
		{BDF64D26-A08A-4CD6-9CED-88192E0BA115}.Debug|Any CPU.Build.0 = Debug|Any CPU
		{BDF64D26-A08A-4CD6-9CED-88192E0BA115}.Release|Any CPU.ActiveCfg = Release|Any CPU
		{BDF64D26-A08A-4CD6-9CED-88192E0BA115}.Release|Any CPU.Build.0 = Release|Any CPU
		{951813F2-8554-4C4A-97DA-D02E5863896E}.Debug|Any CPU.ActiveCfg = Debug|Any CPU
		{951813F2-8554-4C4A-97DA-D02E5863896E}.Debug|Any CPU.Build.0 = Debug|Any CPU
		{951813F2-8554-4C4A-97DA-D02E5863896E}.Release|Any CPU.ActiveCfg = Release|Any CPU
		{951813F2-8554-4C4A-97DA-D02E5863896E}.Release|Any CPU.Build.0 = Release|Any CPU
		{706E84C2-0749-4D9D-8029-6FB00496ADEC}.Debug|Any CPU.ActiveCfg = Debug|Any CPU
		{706E84C2-0749-4D9D-8029-6FB00496ADEC}.Debug|Any CPU.Build.0 = Debug|Any CPU
		{706E84C2-0749-4D9D-8029-6FB00496ADEC}.Release|Any CPU.ActiveCfg = Release|Any CPU
		{706E84C2-0749-4D9D-8029-6FB00496ADEC}.Release|Any CPU.Build.0 = Release|Any CPU
		{DB0BBAE4-4586-400F-B698-2EE10B74ED80}.Debug|Any CPU.ActiveCfg = Debug|Any CPU
		{DB0BBAE4-4586-400F-B698-2EE10B74ED80}.Debug|Any CPU.Build.0 = Debug|Any CPU
		{DB0BBAE4-4586-400F-B698-2EE10B74ED80}.Release|Any CPU.ActiveCfg = Release|Any CPU
		{DB0BBAE4-4586-400F-B698-2EE10B74ED80}.Release|Any CPU.Build.0 = Release|Any CPU
	EndGlobalSection
	GlobalSection(SolutionProperties) = preSolution
		HideSolutionNode = FALSE
	EndGlobalSection
	GlobalSection(NestedProjects) = preSolution
		{BA0E0B68-3354-4966-9A82-3EC37618BA3D} = {A5702F60-73CB-4E04-82C3-BBE68409C7B7}
		{4484C4D6-5063-4C7A-BC3B-627D586FF6D3} = {A5702F60-73CB-4E04-82C3-BBE68409C7B7}
		{212035AF-82E0-491F-AB85-BA3E58FA62B9} = {A5702F60-73CB-4E04-82C3-BBE68409C7B7}
		{5590D51B-638B-4B0E-ADB1-CA3ED9DA744F} = {A5702F60-73CB-4E04-82C3-BBE68409C7B7}
		{4C552D45-05EF-4664-A278-3EBBE8B04898} = {A5702F60-73CB-4E04-82C3-BBE68409C7B7}
		{22A99F28-9589-48F1-A7AF-6585273E7B5D} = {31BB1242-4F49-4052-8A85-69EF512B4E01}
		{77242DA0-20F2-4550-80D0-FD88BC66233F} = {31BB1242-4F49-4052-8A85-69EF512B4E01}
		{E2C086DA-75B3-46C8-82A3-05A899BDAF86} = {31BB1242-4F49-4052-8A85-69EF512B4E01}
		{9B6ECECE-8C24-4761-99BD-0F27387EAB64} = {31BB1242-4F49-4052-8A85-69EF512B4E01}
		{06387F37-AFAC-47EE-9824-01C40ECBF53C} = {31BB1242-4F49-4052-8A85-69EF512B4E01}
		{42C86127-3792-458D-A592-11D778DC0CBA} = {48DC199F-2B1E-4CDB-950C-794DD80BE6DF}
		{929EA12D-629B-4149-9118-9E946FB32BB0} = {48DC199F-2B1E-4CDB-950C-794DD80BE6DF}
		{15B07DB2-F680-40D7-AD67-DBBE751C981C} = {48DC199F-2B1E-4CDB-950C-794DD80BE6DF}
		{259BC62C-0495-4171-8D62-50EF83CAE998} = {48DC199F-2B1E-4CDB-950C-794DD80BE6DF}
		{27FD4FDC-27F1-45C9-8B0E-5D66219F4622} = {B377D5CE-E150-4CCF-9571-4DD9753606F9}
		{BDF64D26-A08A-4CD6-9CED-88192E0BA115} = {B377D5CE-E150-4CCF-9571-4DD9753606F9}
		{951813F2-8554-4C4A-97DA-D02E5863896E} = {B377D5CE-E150-4CCF-9571-4DD9753606F9}
		{706E84C2-0749-4D9D-8029-6FB00496ADEC} = {B377D5CE-E150-4CCF-9571-4DD9753606F9}
		{DB0BBAE4-4586-400F-B698-2EE10B74ED80} = {6F258760-396B-4C8B-AD66-2B9683992972}
	EndGlobalSection
	GlobalSection(ExtensibilityGlobals) = postSolution
		SolutionGuid = {664AAE54-5C6F-45EE-822A-A71604D9CA1A}
	EndGlobalSection
EndGlobal
